
Microsoft Visual Studio Solution File, Format Version 12.00
# Visual Studio Version 17
VisualStudioVersion = 17.4.33110.190
MinimumVisualStudioVersion = 10.0.40219.1
Project("{9A19103F-16F7-4668-BE54-9A1E7A4F7556}") = "VSTU.Digital.Timetable.API", "VSTU.Digital.Timetable.API\VSTU.Digital.Timetable.API.csproj", "{E8BA9859-ADF5-4321-A54D-DF37EC34F092}"
EndProject
Project("{FAE04EC0-301F-11D3-BF4B-00C04F79EFBC}") = "VSTU.Digital.Timetable.Application", "VSTU.Digital.Timetable.Application\VSTU.Digital.Timetable.Application.csproj", "{2A7A6571-1842-4A61-913E-B7789321C1BE}"
EndProject
Project("{FAE04EC0-301F-11D3-BF4B-00C04F79EFBC}") = "VSTU.Digital.Timetable.Domain", "VSTU.Digital.Timetable.Domain\VSTU.Digital.Timetable.Domain.csproj", "{4E1E1D70-69FA-494E-9A14-7336B5B26B2D}"
EndProject
Project("{FAE04EC0-301F-11D3-BF4B-00C04F79EFBC}") = "VSTU.Digital.Timetable.Infrastructure", "VSTU.Digital.Timetable.Infrastructure\VSTU.Digital.Timetable.Infrastructure.csproj", "{220CA2F3-7C59-4190-95B2-DB9AA834E466}"
EndProject
Global
	GlobalSection(SolutionConfigurationPlatforms) = preSolution
		Debug|Any CPU = Debug|Any CPU
		Release|Any CPU = Release|Any CPU
	EndGlobalSection
	GlobalSection(ProjectConfigurationPlatforms) = postSolution
		{E8BA9859-ADF5-4321-A54D-DF37EC34F092}.Debug|Any CPU.ActiveCfg = Debug|Any CPU
		{E8BA9859-ADF5-4321-A54D-DF37EC34F092}.Debug|Any CPU.Build.0 = Debug|Any CPU
		{E8BA9859-ADF5-4321-A54D-DF37EC34F092}.Release|Any CPU.ActiveCfg = Release|Any CPU
		{E8BA9859-ADF5-4321-A54D-DF37EC34F092}.Release|Any CPU.Build.0 = Release|Any CPU
		{2A7A6571-1842-4A61-913E-B7789321C1BE}.Debug|Any CPU.ActiveCfg = Debug|Any CPU
		{2A7A6571-1842-4A61-913E-B7789321C1BE}.Debug|Any CPU.Build.0 = Debug|Any CPU
		{2A7A6571-1842-4A61-913E-B7789321C1BE}.Release|Any CPU.ActiveCfg = Release|Any CPU
		{2A7A6571-1842-4A61-913E-B7789321C1BE}.Release|Any CPU.Build.0 = Release|Any CPU
		{4E1E1D70-69FA-494E-9A14-7336B5B26B2D}.Debug|Any CPU.ActiveCfg = Debug|Any CPU
		{4E1E1D70-69FA-494E-9A14-7336B5B26B2D}.Debug|Any CPU.Build.0 = Debug|Any CPU
		{4E1E1D70-69FA-494E-9A14-7336B5B26B2D}.Release|Any CPU.ActiveCfg = Release|Any CPU
		{4E1E1D70-69FA-494E-9A14-7336B5B26B2D}.Release|Any CPU.Build.0 = Release|Any CPU
		{220CA2F3-7C59-4190-95B2-DB9AA834E466}.Debug|Any CPU.ActiveCfg = Debug|Any CPU
		{220CA2F3-7C59-4190-95B2-DB9AA834E466}.Debug|Any CPU.Build.0 = Debug|Any CPU
		{220CA2F3-7C59-4190-95B2-DB9AA834E466}.Release|Any CPU.ActiveCfg = Release|Any CPU
		{220CA2F3-7C59-4190-95B2-DB9AA834E466}.Release|Any CPU.Build.0 = Release|Any CPU
	EndGlobalSection
	GlobalSection(SolutionProperties) = preSolution
		HideSolutionNode = FALSE
	EndGlobalSection
	GlobalSection(ExtensibilityGlobals) = postSolution
		SolutionGuid = {A98574BF-AAF1-47FE-84A8-A6DCFC6AA0D7}
	EndGlobalSection
EndGlobal
